// !$*UTF8*$!
{
	archiveVersion = 1;
	classes = {
	};
	objectVersion = 46;
	objects = {

/* Begin PBXBuildFile section */
		8404E9CA1F0F239E008A04B4 /* AppDelegate.swift in Sources */ = {isa = PBXBuildFile; fileRef = 8404E9C91F0F239E008A04B4 /* AppDelegate.swift */; };
		8404E9CF1F0F239E008A04B4 /* Main.storyboard in Resources */ = {isa = PBXBuildFile; fileRef = 8404E9CD1F0F239E008A04B4 /* Main.storyboard */; };
		8404E9D11F0F239E008A04B4 /* Assets.xcassets in Resources */ = {isa = PBXBuildFile; fileRef = 8404E9D01F0F239E008A04B4 /* Assets.xcassets */; };
		8404E9D41F0F239E008A04B4 /* LaunchScreen.storyboard in Resources */ = {isa = PBXBuildFile; fileRef = 8404E9D21F0F239E008A04B4 /* LaunchScreen.storyboard */; };
		8404E9DF1F0F239F008A04B4 /* WhispmeTests.swift in Sources */ = {isa = PBXBuildFile; fileRef = 8404E9DE1F0F239F008A04B4 /* WhispmeTests.swift */; };
		8404E9EA1F0F239F008A04B4 /* WhispmeUITests.swift in Sources */ = {isa = PBXBuildFile; fileRef = 8404E9E91F0F239F008A04B4 /* WhispmeUITests.swift */; };
		8404E9FC1F0F4479008A04B4 /* MapKit.framework in Frameworks */ = {isa = PBXBuildFile; fileRef = 8404E9FB1F0F4479008A04B4 /* MapKit.framework */; };
		8404E9FE1F0F5A0A008A04B4 /* MapViewController.swift in Sources */ = {isa = PBXBuildFile; fileRef = 8404E9FD1F0F5A0A008A04B4 /* MapViewController.swift */; };
		8404EA001F0F5CBE008A04B4 /* ViewController.swift in Sources */ = {isa = PBXBuildFile; fileRef = 8404E9FF1F0F5CBE008A04B4 /* ViewController.swift */; };
		8404EA021F0FBDA7008A04B4 /* UserViewController.swift in Sources */ = {isa = PBXBuildFile; fileRef = 8404EA011F0FBDA7008A04B4 /* UserViewController.swift */; };
		8404EA081F0FC2A6008A04B4 /* NewsViewController.swift in Sources */ = {isa = PBXBuildFile; fileRef = 8404EA071F0FC2A6008A04B4 /* NewsViewController.swift */; };
		8404EA0A1F0FCE76008A04B4 /* AVFoundation.framework in Frameworks */ = {isa = PBXBuildFile; fileRef = 8404EA091F0FCE76008A04B4 /* AVFoundation.framework */; };
		8404EA0C1F0FCF2D008A04B4 /* NewWhispViewController.swift in Sources */ = {isa = PBXBuildFile; fileRef = 8404EA0B1F0FCF2D008A04B4 /* NewWhispViewController.swift */; };
		8404EA0E1F0FD6CF008A04B4 /* AddWhispViewController.swift in Sources */ = {isa = PBXBuildFile; fileRef = 8404EA0D1F0FD6CF008A04B4 /* AddWhispViewController.swift */; };
/* End PBXBuildFile section */

/* Begin PBXContainerItemProxy section */
		8404E9DB1F0F239F008A04B4 /* PBXContainerItemProxy */ = {
			isa = PBXContainerItemProxy;
			containerPortal = 8404E9BE1F0F239E008A04B4 /* Project object */;
			proxyType = 1;
			remoteGlobalIDString = 8404E9C51F0F239E008A04B4;
			remoteInfo = Whispme;
		};
		8404E9E61F0F239F008A04B4 /* PBXContainerItemProxy */ = {
			isa = PBXContainerItemProxy;
			containerPortal = 8404E9BE1F0F239E008A04B4 /* Project object */;
			proxyType = 1;
			remoteGlobalIDString = 8404E9C51F0F239E008A04B4;
			remoteInfo = Whispme;
		};
/* End PBXContainerItemProxy section */

/* Begin PBXFileReference section */
		8404E9C61F0F239E008A04B4 /* Whispme.app */ = {isa = PBXFileReference; explicitFileType = wrapper.application; includeInIndex = 0; path = Whispme.app; sourceTree = BUILT_PRODUCTS_DIR; };
		8404E9C91F0F239E008A04B4 /* AppDelegate.swift */ = {isa = PBXFileReference; lastKnownFileType = sourcecode.swift; path = AppDelegate.swift; sourceTree = "<group>"; };
		8404E9CE1F0F239E008A04B4 /* Base */ = {isa = PBXFileReference; lastKnownFileType = file.storyboard; name = Base; path = Base.lproj/Main.storyboard; sourceTree = "<group>"; };
		8404E9D01F0F239E008A04B4 /* Assets.xcassets */ = {isa = PBXFileReference; lastKnownFileType = folder.assetcatalog; path = Assets.xcassets; sourceTree = "<group>"; };
		8404E9D31F0F239E008A04B4 /* Base */ = {isa = PBXFileReference; lastKnownFileType = file.storyboard; name = Base; path = Base.lproj/LaunchScreen.storyboard; sourceTree = "<group>"; };
		8404E9D51F0F239E008A04B4 /* Info.plist */ = {isa = PBXFileReference; lastKnownFileType = text.plist.xml; path = Info.plist; sourceTree = "<group>"; };
		8404E9DA1F0F239F008A04B4 /* WhispmeTests.xctest */ = {isa = PBXFileReference; explicitFileType = wrapper.cfbundle; includeInIndex = 0; path = WhispmeTests.xctest; sourceTree = BUILT_PRODUCTS_DIR; };
		8404E9DE1F0F239F008A04B4 /* WhispmeTests.swift */ = {isa = PBXFileReference; lastKnownFileType = sourcecode.swift; path = WhispmeTests.swift; sourceTree = "<group>"; };
		8404E9E01F0F239F008A04B4 /* Info.plist */ = {isa = PBXFileReference; lastKnownFileType = text.plist.xml; path = Info.plist; sourceTree = "<group>"; };
		8404E9E51F0F239F008A04B4 /* WhispmeUITests.xctest */ = {isa = PBXFileReference; explicitFileType = wrapper.cfbundle; includeInIndex = 0; path = WhispmeUITests.xctest; sourceTree = BUILT_PRODUCTS_DIR; };
		8404E9E91F0F239F008A04B4 /* WhispmeUITests.swift */ = {isa = PBXFileReference; lastKnownFileType = sourcecode.swift; path = WhispmeUITests.swift; sourceTree = "<group>"; };
		8404E9EB1F0F239F008A04B4 /* Info.plist */ = {isa = PBXFileReference; lastKnownFileType = text.plist.xml; path = Info.plist; sourceTree = "<group>"; };
		8404E9FB1F0F4479008A04B4 /* MapKit.framework */ = {isa = PBXFileReference; lastKnownFileType = wrapper.framework; name = MapKit.framework; path = System/Library/Frameworks/MapKit.framework; sourceTree = SDKROOT; };
		8404E9FD1F0F5A0A008A04B4 /* MapViewController.swift */ = {isa = PBXFileReference; fileEncoding = 4; lastKnownFileType = sourcecode.swift; path = MapViewController.swift; sourceTree = "<group>"; };
		8404E9FF1F0F5CBE008A04B4 /* ViewController.swift */ = {isa = PBXFileReference; fileEncoding = 4; lastKnownFileType = sourcecode.swift; path = ViewController.swift; sourceTree = "<group>"; };
		8404EA011F0FBDA7008A04B4 /* UserViewController.swift */ = {isa = PBXFileReference; fileEncoding = 4; lastKnownFileType = sourcecode.swift; path = UserViewController.swift; sourceTree = "<group>"; };
		8404EA071F0FC2A6008A04B4 /* NewsViewController.swift */ = {isa = PBXFileReference; fileEncoding = 4; lastKnownFileType = sourcecode.swift; path = NewsViewController.swift; sourceTree = "<group>"; };
		8404EA091F0FCE76008A04B4 /* AVFoundation.framework */ = {isa = PBXFileReference; lastKnownFileType = wrapper.framework; name = AVFoundation.framework; path = System/Library/Frameworks/AVFoundation.framework; sourceTree = SDKROOT; };
		8404EA0B1F0FCF2D008A04B4 /* NewWhispViewController.swift */ = {isa = PBXFileReference; fileEncoding = 4; lastKnownFileType = sourcecode.swift; path = NewWhispViewController.swift; sourceTree = "<group>"; };
		8404EA0D1F0FD6CF008A04B4 /* AddWhispViewController.swift */ = {isa = PBXFileReference; fileEncoding = 4; lastKnownFileType = sourcecode.swift; path = AddWhispViewController.swift; sourceTree = "<group>"; };
/* End PBXFileReference section */

/* Begin PBXFrameworksBuildPhase section */
		8404E9C31F0F239E008A04B4 /* Frameworks */ = {
			isa = PBXFrameworksBuildPhase;
			buildActionMask = 2147483647;
			files = (
				8404EA0A1F0FCE76008A04B4 /* AVFoundation.framework in Frameworks */,
				8404E9FC1F0F4479008A04B4 /* MapKit.framework in Frameworks */,
			);
			runOnlyForDeploymentPostprocessing = 0;
		};
		8404E9D71F0F239F008A04B4 /* Frameworks */ = {
			isa = PBXFrameworksBuildPhase;
			buildActionMask = 2147483647;
			files = (
			);
			runOnlyForDeploymentPostprocessing = 0;
		};
		8404E9E21F0F239F008A04B4 /* Frameworks */ = {
			isa = PBXFrameworksBuildPhase;
			buildActionMask = 2147483647;
			files = (
			);
			runOnlyForDeploymentPostprocessing = 0;
		};
/* End PBXFrameworksBuildPhase section */

/* Begin PBXGroup section */
		8404E9BD1F0F239E008A04B4 = {
			isa = PBXGroup;
			children = (
				8404E9C81F0F239E008A04B4 /* Whispme */,
				8404E9DD1F0F239F008A04B4 /* WhispmeTests */,
				8404E9E81F0F239F008A04B4 /* WhispmeUITests */,
				8404E9C71F0F239E008A04B4 /* Products */,
				8404E9FA1F0F4479008A04B4 /* Frameworks */,
			);
			sourceTree = "<group>";
		};
		8404E9C71F0F239E008A04B4 /* Products */ = {
			isa = PBXGroup;
			children = (
				8404E9C61F0F239E008A04B4 /* Whispme.app */,
				8404E9DA1F0F239F008A04B4 /* WhispmeTests.xctest */,
				8404E9E51F0F239F008A04B4 /* WhispmeUITests.xctest */,
			);
			name = Products;
			sourceTree = "<group>";
		};
		8404E9C81F0F239E008A04B4 /* Whispme */ = {
			isa = PBXGroup;
			children = (
				8404E9F91F0F2421008A04B4 /* Main */,
				8404E9F81F0F2419008A04B4 /* ViewControllers */,
				8404E9F71F0F23B4008A04B4 /* Models */,
				8404E9D01F0F239E008A04B4 /* Assets.xcassets */,
				8404E9D51F0F239E008A04B4 /* Info.plist */,
			);
			path = Whispme;
			sourceTree = "<group>";
		};
		8404E9DD1F0F239F008A04B4 /* WhispmeTests */ = {
			isa = PBXGroup;
			children = (
				8404E9DE1F0F239F008A04B4 /* WhispmeTests.swift */,
				8404E9E01F0F239F008A04B4 /* Info.plist */,
			);
			path = WhispmeTests;
			sourceTree = "<group>";
		};
		8404E9E81F0F239F008A04B4 /* WhispmeUITests */ = {
			isa = PBXGroup;
			children = (
				8404E9E91F0F239F008A04B4 /* WhispmeUITests.swift */,
				8404E9EB1F0F239F008A04B4 /* Info.plist */,
			);
			path = WhispmeUITests;
			sourceTree = "<group>";
		};
		8404E9F71F0F23B4008A04B4 /* Models */ = {
			isa = PBXGroup;
			children = (
			);
			name = Models;
			sourceTree = "<group>";
		};
		8404E9F81F0F2419008A04B4 /* ViewControllers */ = {
			isa = PBXGroup;
			children = (
				8404E9FF1F0F5CBE008A04B4 /* ViewController.swift */,
				8404E9CD1F0F239E008A04B4 /* Main.storyboard */,
				8404E9D21F0F239E008A04B4 /* LaunchScreen.storyboard */,
				8404E9FD1F0F5A0A008A04B4 /* MapViewController.swift */,
				8404EA011F0FBDA7008A04B4 /* UserViewController.swift */,
				8404EA071F0FC2A6008A04B4 /* NewsViewController.swift */,
				8404EA0B1F0FCF2D008A04B4 /* NewWhispViewController.swift */,
				8404EA0D1F0FD6CF008A04B4 /* AddWhispViewController.swift */,
			);
			name = ViewControllers;
			sourceTree = "<group>";
		};
		8404E9F91F0F2421008A04B4 /* Main */ = {
			isa = PBXGroup;
			children = (
				8404E9C91F0F239E008A04B4 /* AppDelegate.swift */,
			);
			name = Main;
			sourceTree = "<group>";
		};
		8404E9FA1F0F4479008A04B4 /* Frameworks */ = {
			isa = PBXGroup;
			children = (
				8404EA091F0FCE76008A04B4 /* AVFoundation.framework */,
				8404E9FB1F0F4479008A04B4 /* MapKit.framework */,
			);
			name = Frameworks;
			sourceTree = "<group>";
		};
/* End PBXGroup section */

/* Begin PBXNativeTarget section */
		8404E9C51F0F239E008A04B4 /* Whispme */ = {
			isa = PBXNativeTarget;
			buildConfigurationList = 8404E9EE1F0F239F008A04B4 /* Build configuration list for PBXNativeTarget "Whispme" */;
			buildPhases = (
				8404E9C21F0F239E008A04B4 /* Sources */,
				8404E9C31F0F239E008A04B4 /* Frameworks */,
				8404E9C41F0F239E008A04B4 /* Resources */,
			);
			buildRules = (
			);
			dependencies = (
			);
			name = Whispme;
			productName = Whispme;
			productReference = 8404E9C61F0F239E008A04B4 /* Whispme.app */;
			productType = "com.apple.product-type.application";
		};
		8404E9D91F0F239F008A04B4 /* WhispmeTests */ = {
			isa = PBXNativeTarget;
			buildConfigurationList = 8404E9F11F0F239F008A04B4 /* Build configuration list for PBXNativeTarget "WhispmeTests" */;
			buildPhases = (
				8404E9D61F0F239F008A04B4 /* Sources */,
				8404E9D71F0F239F008A04B4 /* Frameworks */,
				8404E9D81F0F239F008A04B4 /* Resources */,
			);
			buildRules = (
			);
			dependencies = (
				8404E9DC1F0F239F008A04B4 /* PBXTargetDependency */,
			);
			name = WhispmeTests;
			productName = WhispmeTests;
			productReference = 8404E9DA1F0F239F008A04B4 /* WhispmeTests.xctest */;
			productType = "com.apple.product-type.bundle.unit-test";
		};
		8404E9E41F0F239F008A04B4 /* WhispmeUITests */ = {
			isa = PBXNativeTarget;
			buildConfigurationList = 8404E9F41F0F239F008A04B4 /* Build configuration list for PBXNativeTarget "WhispmeUITests" */;
			buildPhases = (
				8404E9E11F0F239F008A04B4 /* Sources */,
				8404E9E21F0F239F008A04B4 /* Frameworks */,
				8404E9E31F0F239F008A04B4 /* Resources */,
			);
			buildRules = (
			);
			dependencies = (
				8404E9E71F0F239F008A04B4 /* PBXTargetDependency */,
			);
			name = WhispmeUITests;
			productName = WhispmeUITests;
			productReference = 8404E9E51F0F239F008A04B4 /* WhispmeUITests.xctest */;
			productType = "com.apple.product-type.bundle.ui-testing";
		};
/* End PBXNativeTarget section */

/* Begin PBXProject section */
		8404E9BE1F0F239E008A04B4 /* Project object */ = {
			isa = PBXProject;
			attributes = {
				LastSwiftUpdateCheck = 0830;
				LastUpgradeCheck = 0830;
				ORGANIZATIONNAME = admin;
				TargetAttributes = {
					8404E9C51F0F239E008A04B4 = {
						CreatedOnToolsVersion = 8.3.3;
						ProvisioningStyle = Automatic;
					};
					8404E9D91F0F239F008A04B4 = {
						CreatedOnToolsVersion = 8.3.3;
						ProvisioningStyle = Automatic;
						TestTargetID = 8404E9C51F0F239E008A04B4;
					};
					8404E9E41F0F239F008A04B4 = {
						CreatedOnToolsVersion = 8.3.3;
						ProvisioningStyle = Automatic;
						TestTargetID = 8404E9C51F0F239E008A04B4;
					};
				};
			};
			buildConfigurationList = 8404E9C11F0F239E008A04B4 /* Build configuration list for PBXProject "Whispme" */;
			compatibilityVersion = "Xcode 3.2";
			developmentRegion = English;
			hasScannedForEncodings = 0;
			knownRegions = (
				en,
				Base,
			);
			mainGroup = 8404E9BD1F0F239E008A04B4;
			productRefGroup = 8404E9C71F0F239E008A04B4 /* Products */;
			projectDirPath = "";
			projectRoot = "";
			targets = (
				8404E9C51F0F239E008A04B4 /* Whispme */,
				8404E9D91F0F239F008A04B4 /* WhispmeTests */,
				8404E9E41F0F239F008A04B4 /* WhispmeUITests */,
			);
		};
/* End PBXProject section */

/* Begin PBXResourcesBuildPhase section */
		8404E9C41F0F239E008A04B4 /* Resources */ = {
			isa = PBXResourcesBuildPhase;
			buildActionMask = 2147483647;
			files = (
				8404E9D41F0F239E008A04B4 /* LaunchScreen.storyboard in Resources */,
				8404E9D11F0F239E008A04B4 /* Assets.xcassets in Resources */,
				8404E9CF1F0F239E008A04B4 /* Main.storyboard in Resources */,
			);
			runOnlyForDeploymentPostprocessing = 0;
		};
		8404E9D81F0F239F008A04B4 /* Resources */ = {
			isa = PBXResourcesBuildPhase;
			buildActionMask = 2147483647;
			files = (
			);
			runOnlyForDeploymentPostprocessing = 0;
		};
		8404E9E31F0F239F008A04B4 /* Resources */ = {
			isa = PBXResourcesBuildPhase;
			buildActionMask = 2147483647;
			files = (
			);
			runOnlyForDeploymentPostprocessing = 0;
		};
/* End PBXResourcesBuildPhase section */

/* Begin PBXSourcesBuildPhase section */
		8404E9C21F0F239E008A04B4 /* Sources */ = {
			isa = PBXSourcesBuildPhase;
			buildActionMask = 2147483647;
			files = (
				8404EA001F0F5CBE008A04B4 /* ViewController.swift in Sources */,
				8404EA0C1F0FCF2D008A04B4 /* NewWhispViewController.swift in Sources */,
				8404EA021F0FBDA7008A04B4 /* UserViewController.swift in Sources */,
				8404E9CA1F0F239E008A04B4 /* AppDelegate.swift in Sources */,
				8404EA0E1F0FD6CF008A04B4 /* AddWhispViewController.swift in Sources */,
				8404EA081F0FC2A6008A04B4 /* NewsViewController.swift in Sources */,
				8404E9FE1F0F5A0A008A04B4 /* MapViewController.swift in Sources */,
			);
			runOnlyForDeploymentPostprocessing = 0;
		};
		8404E9D61F0F239F008A04B4 /* Sources */ = {
			isa = PBXSourcesBuildPhase;
			buildActionMask = 2147483647;
			files = (
				8404E9DF1F0F239F008A04B4 /* WhispmeTests.swift in Sources */,
			);
			runOnlyForDeploymentPostprocessing = 0;
		};
		8404E9E11F0F239F008A04B4 /* Sources */ = {
			isa = PBXSourcesBuildPhase;
			buildActionMask = 2147483647;
			files = (
				8404E9EA1F0F239F008A04B4 /* WhispmeUITests.swift in Sources */,
			);
			runOnlyForDeploymentPostprocessing = 0;
		};
/* End PBXSourcesBuildPhase section */

/* Begin PBXTargetDependency section */
		8404E9DC1F0F239F008A04B4 /* PBXTargetDependency */ = {
			isa = PBXTargetDependency;
			target = 8404E9C51F0F239E008A04B4 /* Whispme */;
			targetProxy = 8404E9DB1F0F239F008A04B4 /* PBXContainerItemProxy */;
		};
		8404E9E71F0F239F008A04B4 /* PBXTargetDependency */ = {
			isa = PBXTargetDependency;
			target = 8404E9C51F0F239E008A04B4 /* Whispme */;
			targetProxy = 8404E9E61F0F239F008A04B4 /* PBXContainerItemProxy */;
		};
/* End PBXTargetDependency section */

/* Begin PBXVariantGroup section */
		8404E9CD1F0F239E008A04B4 /* Main.storyboard */ = {
			isa = PBXVariantGroup;
			children = (
				8404E9CE1F0F239E008A04B4 /* Base */,
			);
			name = Main.storyboard;
			sourceTree = "<group>";
		};
		8404E9D21F0F239E008A04B4 /* LaunchScreen.storyboard */ = {
			isa = PBXVariantGroup;
			children = (
				8404E9D31F0F239E008A04B4 /* Base */,
			);
			name = LaunchScreen.storyboard;
			sourceTree = "<group>";
		};
/* End PBXVariantGroup section */

/* Begin XCBuildConfiguration section */
		8404E9EC1F0F239F008A04B4 /* Debug */ = {
			isa = XCBuildConfiguration;
			buildSettings = {
				ALWAYS_SEARCH_USER_PATHS = NO;
				CLANG_ANALYZER_NONNULL = YES;
				CLANG_ANALYZER_NUMBER_OBJECT_CONVERSION = YES_AGGRESSIVE;
				CLANG_CXX_LANGUAGE_STANDARD = "gnu++0x";
				CLANG_CXX_LIBRARY = "libc++";
				CLANG_ENABLE_MODULES = YES;
				CLANG_ENABLE_OBJC_ARC = YES;
				CLANG_WARN_BOOL_CONVERSION = YES;
				CLANG_WARN_CONSTANT_CONVERSION = YES;
				CLANG_WARN_DIRECT_OBJC_ISA_USAGE = YES_ERROR;
				CLANG_WARN_DOCUMENTATION_COMMENTS = YES;
				CLANG_WARN_EMPTY_BODY = YES;
				CLANG_WARN_ENUM_CONVERSION = YES;
				CLANG_WARN_INFINITE_RECURSION = YES;
				CLANG_WARN_INT_CONVERSION = YES;
				CLANG_WARN_OBJC_ROOT_CLASS = YES_ERROR;
				CLANG_WARN_SUSPICIOUS_MOVE = YES;
				CLANG_WARN_UNREACHABLE_CODE = YES;
				CLANG_WARN__DUPLICATE_METHOD_MATCH = YES;
				"CODE_SIGN_IDENTITY[sdk=iphoneos*]" = "iPhone Developer";
				COPY_PHASE_STRIP = NO;
				DEBUG_INFORMATION_FORMAT = dwarf;
				ENABLE_STRICT_OBJC_MSGSEND = YES;
				ENABLE_TESTABILITY = YES;
				GCC_C_LANGUAGE_STANDARD = gnu99;
				GCC_DYNAMIC_NO_PIC = NO;
				GCC_NO_COMMON_BLOCKS = YES;
				GCC_OPTIMIZATION_LEVEL = 0;
				GCC_PREPROCESSOR_DEFINITIONS = (
					"DEBUG=1",
					"$(inherited)",
				);
				GCC_WARN_64_TO_32_BIT_CONVERSION = YES;
				GCC_WARN_ABOUT_RETURN_TYPE = YES_ERROR;
				GCC_WARN_UNDECLARED_SELECTOR = YES;
				GCC_WARN_UNINITIALIZED_AUTOS = YES_AGGRESSIVE;
				GCC_WARN_UNUSED_FUNCTION = YES;
				GCC_WARN_UNUSED_VARIABLE = YES;
				IPHONEOS_DEPLOYMENT_TARGET = 10.3;
				MTL_ENABLE_DEBUG_INFO = YES;
				ONLY_ACTIVE_ARCH = YES;
				SDKROOT = iphoneos;
				SWIFT_ACTIVE_COMPILATION_CONDITIONS = DEBUG;
				SWIFT_OPTIMIZATION_LEVEL = "-Onone";
				TARGETED_DEVICE_FAMILY = "1,2";
			};
			name = Debug;
		};
		8404E9ED1F0F239F008A04B4 /* Release */ = {
			isa = XCBuildConfiguration;
			buildSettings = {
				ALWAYS_SEARCH_USER_PATHS = NO;
				CLANG_ANALYZER_NONNULL = YES;
				CLANG_ANALYZER_NUMBER_OBJECT_CONVERSION = YES_AGGRESSIVE;
				CLANG_CXX_LANGUAGE_STANDARD = "gnu++0x";
				CLANG_CXX_LIBRARY = "libc++";
				CLANG_ENABLE_MODULES = YES;
				CLANG_ENABLE_OBJC_ARC = YES;
				CLANG_WARN_BOOL_CONVERSION = YES;
				CLANG_WARN_CONSTANT_CONVERSION = YES;
				CLANG_WARN_DIRECT_OBJC_ISA_USAGE = YES_ERROR;
				CLANG_WARN_DOCUMENTATION_COMMENTS = YES;
				CLANG_WARN_EMPTY_BODY = YES;
				CLANG_WARN_ENUM_CONVERSION = YES;
				CLANG_WARN_INFINITE_RECURSION = YES;
				CLANG_WARN_INT_CONVERSION = YES;
				CLANG_WARN_OBJC_ROOT_CLASS = YES_ERROR;
				CLANG_WARN_SUSPICIOUS_MOVE = YES;
				CLANG_WARN_UNREACHABLE_CODE = YES;
				CLANG_WARN__DUPLICATE_METHOD_MATCH = YES;
				"CODE_SIGN_IDENTITY[sdk=iphoneos*]" = "iPhone Developer";
				COPY_PHASE_STRIP = NO;
				DEBUG_INFORMATION_FORMAT = "dwarf-with-dsym";
				ENABLE_NS_ASSERTIONS = NO;
				ENABLE_STRICT_OBJC_MSGSEND = YES;
				GCC_C_LANGUAGE_STANDARD = gnu99;
				GCC_NO_COMMON_BLOCKS = YES;
				GCC_WARN_64_TO_32_BIT_CONVERSION = YES;
				GCC_WARN_ABOUT_RETURN_TYPE = YES_ERROR;
				GCC_WARN_UNDECLARED_SELECTOR = YES;
				GCC_WARN_UNINITIALIZED_AUTOS = YES_AGGRESSIVE;
				GCC_WARN_UNUSED_FUNCTION = YES;
				GCC_WARN_UNUSED_VARIABLE = YES;
				IPHONEOS_DEPLOYMENT_TARGET = 10.3;
				MTL_ENABLE_DEBUG_INFO = NO;
				SDKROOT = iphoneos;
				SWIFT_OPTIMIZATION_LEVEL = "-Owholemodule";
				TARGETED_DEVICE_FAMILY = "1,2";
				VALIDATE_PRODUCT = YES;
			};
			name = Release;
		};
		8404E9EF1F0F239F008A04B4 /* Debug */ = {
			isa = XCBuildConfiguration;
			buildSettings = {
				ASSETCATALOG_COMPILER_APPICON_NAME = AppIcon;
				INFOPLIST_FILE = Whispme/Info.plist;
				LD_RUNPATH_SEARCH_PATHS = "$(inherited) @executable_path/Frameworks";
				PRODUCT_BUNDLE_IDENTIFIER = upc.Whispme;
				PRODUCT_NAME = "$(TARGET_NAME)";
				SWIFT_VERSION = 3.0;
			};
			name = Debug;
		};
		8404E9F01F0F239F008A04B4 /* Release */ = {
			isa = XCBuildConfiguration;
			buildSettings = {
				ASSETCATALOG_COMPILER_APPICON_NAME = AppIcon;
				INFOPLIST_FILE = Whispme/Info.plist;
				LD_RUNPATH_SEARCH_PATHS = "$(inherited) @executable_path/Frameworks";
				PRODUCT_BUNDLE_IDENTIFIER = upc.Whispme;
				PRODUCT_NAME = "$(TARGET_NAME)";
				SWIFT_VERSION = 3.0;
			};
			name = Release;
		};
		8404E9F21F0F239F008A04B4 /* Debug */ = {
			isa = XCBuildConfiguration;
			buildSettings = {
				ALWAYS_EMBED_SWIFT_STANDARD_LIBRARIES = YES;
				BUNDLE_LOADER = "$(TEST_HOST)";
				INFOPLIST_FILE = WhispmeTests/Info.plist;
				LD_RUNPATH_SEARCH_PATHS = "$(inherited) @executable_path/Frameworks @loader_path/Frameworks";
				PRODUCT_BUNDLE_IDENTIFIER = upc.WhispmeTests;
				PRODUCT_NAME = "$(TARGET_NAME)";
				SWIFT_VERSION = 3.0;
				TEST_HOST = "$(BUILT_PRODUCTS_DIR)/Whispme.app/Whispme";
			};
			name = Debug;
		};
		8404E9F31F0F239F008A04B4 /* Release */ = {
			isa = XCBuildConfiguration;
			buildSettings = {
				ALWAYS_EMBED_SWIFT_STANDARD_LIBRARIES = YES;
				BUNDLE_LOADER = "$(TEST_HOST)";
				INFOPLIST_FILE = WhispmeTests/Info.plist;
				LD_RUNPATH_SEARCH_PATHS = "$(inherited) @executable_path/Frameworks @loader_path/Frameworks";
				PRODUCT_BUNDLE_IDENTIFIER = upc.WhispmeTests;
				PRODUCT_NAME = "$(TARGET_NAME)";
				SWIFT_VERSION = 3.0;
				TEST_HOST = "$(BUILT_PRODUCTS_DIR)/Whispme.app/Whispme";
			};
			name = Release;
		};
		8404E9F51F0F239F008A04B4 /* Debug */ = {
			isa = XCBuildConfiguration;
			buildSettings = {
				ALWAYS_EMBED_SWIFT_STANDARD_LIBRARIES = YES;
				INFOPLIST_FILE = WhispmeUITests/Info.plist;
				LD_RUNPATH_SEARCH_PATHS = "$(inherited) @executable_path/Frameworks @loader_path/Frameworks";
				PRODUCT_BUNDLE_IDENTIFIER = upc.WhispmeUITests;
				PRODUCT_NAME = "$(TARGET_NAME)";
				SWIFT_VERSION = 3.0;
				TEST_TARGET_NAME = Whispme;
			};
			name = Debug;
		};
		8404E9F61F0F239F008A04B4 /* Release */ = {
			isa = XCBuildConfiguration;
			buildSettings = {
				ALWAYS_EMBED_SWIFT_STANDARD_LIBRARIES = YES;
				INFOPLIST_FILE = WhispmeUITests/Info.plist;
				LD_RUNPATH_SEARCH_PATHS = "$(inherited) @executable_path/Frameworks @loader_path/Frameworks";
				PRODUCT_BUNDLE_IDENTIFIER = upc.WhispmeUITests;
				PRODUCT_NAME = "$(TARGET_NAME)";
				SWIFT_VERSION = 3.0;
				TEST_TARGET_NAME = Whispme;
			};
			name = Release;
		};
/* End XCBuildConfiguration section */

/* Begin XCConfigurationList section */
		8404E9C11F0F239E008A04B4 /* Build configuration list for PBXProject "Whispme" */ = {
			isa = XCConfigurationList;
			buildConfigurations = (
				8404E9EC1F0F239F008A04B4 /* Debug */,
				8404E9ED1F0F239F008A04B4 /* Release */,
			);
			defaultConfigurationIsVisible = 0;
			defaultConfigurationName = Release;
		};
		8404E9EE1F0F239F008A04B4 /* Build configuration list for PBXNativeTarget "Whispme" */ = {
			isa = XCConfigurationList;
			buildConfigurations = (
				8404E9EF1F0F239F008A04B4 /* Debug */,
				8404E9F01F0F239F008A04B4 /* Release */,
			);
			defaultConfigurationIsVisible = 0;
			defaultConfigurationName = Release;
		};
		8404E9F11F0F239F008A04B4 /* Build configuration list for PBXNativeTarget "WhispmeTests" */ = {
			isa = XCConfigurationList;
			buildConfigurations = (
				8404E9F21F0F239F008A04B4 /* Debug */,
				8404E9F31F0F239F008A04B4 /* Release */,
			);
			defaultConfigurationIsVisible = 0;
			defaultConfigurationName = Release;
		};
		8404E9F41F0F239F008A04B4 /* Build configuration list for PBXNativeTarget "WhispmeUITests" */ = {
			isa = XCConfigurationList;
			buildConfigurations = (
				8404E9F51F0F239F008A04B4 /* Debug */,
				8404E9F61F0F239F008A04B4 /* Release */,
			);
			defaultConfigurationIsVisible = 0;
			defaultConfigurationName = Release;
		};
/* End XCConfigurationList section */
	};
	rootObject = 8404E9BE1F0F239E008A04B4 /* Project object */;
}
